<?xml version="1.0" encoding="UTF-8" standalone="yes" ?>
<CodeBlocks_project_file>
	<FileVersion major="1" minor="6" />
	<Project>
		<Option title="EVE_API_Qt" />
		<Option makefile_is_custom="1" />
		<Option pch_mode="2" />
		<Option compiler="gcc" />
		<MakeCommands>
			<Build command="$make -f $makefile $target" />
			<CompileFile command="$make -f $makefile $file" />
			<Clean command="$make -f $makefile clean" />
			<DistClean command="$make -f $makefile distclean" />
		</MakeCommands>
		<Build>
			<Target title="release">
				<Option output="bin\release\EVE_API_Qt" prefix_auto="1" extension_auto="1" />
				<Option object_output="obj\Release\" />
				<Option type="1" />
				<Option compiler="gcc" />
				<Compiler>
					<Add option="-O2" />
				</Compiler>
				<Linker>
					<Add option="-s" />
				</Linker>
				<MakeCommands>
					<Build command="$make -f $makefile $target" />
					<CompileFile command="$make -f $makefile $file" />
					<Clean command="$make -f $makefile clean" />
					<DistClean command="$make -f $makefile distclean" />
				</MakeCommands>
			</Target>
			<Target title="debug">
				<Option output="bin\debug\EVE_API_Qt" prefix_auto="1" extension_auto="1" />
				<Option object_output="obj\Debug\" />
				<Option type="1" />
				<Option compiler="gcc" />
				<Compiler>
					<Add option="-g" />
				</Compiler>
				<MakeCommands>
					<Build command="$make -f $makefile $target" />
					<CompileFile command="$make -f $makefile $file" />
					<Clean command="$make -f $makefile clean" />
					<DistClean command="$make -f $makefile distclean" />
				</MakeCommands>
			</Target>
		</Build>
		<Compiler>
			<Add option="-Wall" />
		</Compiler>
		<Unit filename="EVE_API_Qt.pro" />
		<Unit filename="include\eveapi.hh" />
		<Unit filename="include\eveapiaccountbalance.hh" />
		<Unit filename="include\eveapicharacter.hh" />
		<Unit filename="include\eveapicharactersheet.hh" />
		<Unit filename="include\eveapicorporation.hh" />
		<Unit filename="include\eveapieve.hh" />
		<Unit filename="include\eveapimap.hh" />
		<Unit filename="include\eveapimembertracking.hh" />
		<Unit filename="include\eveapireftypes.hh" />
		<Unit filename="include\eveapirequest.hh" />
		<Unit filename="include\eveapiskillintraining.hh" />
		<Unit filename="include\eveapiskilltree.hh" />
		<Unit filename="include\eveapisovereignty.hh" />
		<Unit filename="include\eveapiwalletjournal.hh" />
		<Unit filename="include\eveapiwallettransactions.hh" />
		<Unit filename="src\eveapi.cpp" />
		<Unit filename="src\eveapiaccountbalance.cpp" />
		<Unit filename="src\eveapicharacter.cpp" />
		<Unit filename="src\eveapicharactersheet.cpp" />
		<Unit filename="src\eveapicorporation.cpp" />
		<Unit filename="src\eveapieve.cpp" />
		<Unit filename="src\eveapimap.cpp" />
		<Unit filename="src\eveapimembertracking.cpp" />
		<Unit filename="src\eveapireftypes.cpp" />
		<Unit filename="src\eveapirequest.cpp" />
		<Unit filename="src\eveapiskillintraining.cpp" />
		<Unit filename="src\eveapiskilltree.cpp" />
		<Unit filename="src\eveapisovereignty.cpp" />
		<Unit filename="src\eveapiwalletjournal.cpp" />
		<Unit filename="src\eveapiwallettransactions.cpp" />
		<Unit filename="src\main.cpp" />
		<Extensions>
			<code_completion />
			<envvars />
			<debugger />
		</Extensions>
	</Project>
</CodeBlocks_project_file>
